{
  "name": "py-pglite-env",
  "version": "0.5.3",
  "lockfileVersion": 3,
  "requires": true,
  "packages": {
    "": {
      "name": "py-pglite-env",
      "version": "0.5.3",
      "dependencies": {
        "@electric-sql/pglite": "^0.3.0",
        "@electric-sql/pglite-socket": "^0.0.8"
      }
    },
    "node_modules/@electric-sql/pglite": {
      "version": "0.3.3",
      "resolved": "https://registry.npmjs.org/@electric-sql/pglite/-/pglite-0.3.3.tgz",
      "integrity": "sha512-JrvHOx9q0yvKEby0bK8qzGTVw6K+yEg8enxDWb2IwNKr5XZxRrBb+GNIqoAIP7yXyhRg5jcENWmdHmtnAT87vA==",
      "license": "Apache-2.0",
      "peer": true
    },
    "node_modules/@electric-sql/pglite-socket": {
      "version": "0.0.8",
      "resolved": "https://registry.npmjs.org/@electric-sql/pglite-socket/-/pglite-socket-0.0.8.tgz",
      "integrity": "sha512-37kxepdlqUiCZcHoaZFIe6x6aaFkbYE7fxt2MJKUfB+ppVCOdr2jaw69fC4FtThfmMdDj0u2ls/FQO+fp+m5OA==",
      "license": "Apache-2.0",
      "bin": {
        "pglite-server": "dist/scripts/server.js"
      },
      "peerDependencies": {
        "@electric-sql/pglite": "0.3.3"
      }
    }
  }
}
